
Microsoft Visual Studio Solution File, Format Version 12.00
# Visual Studio Version 16
VisualStudioVersion = 16.0.29609.76
MinimumVisualStudioVersion = 10.0.40219.1
Project("{8BC9CEB8-8B4A-11D0-8D11-00A0C91BC942}") = "MyNbody", "MyNbody\MyNbody.vcxproj", "{A3A2E2EC-624A-4057-B9C9-DF34E7081D49}"
EndProject
Project("{8BC9CEB8-8B4A-11D0-8D11-00A0C91BC942}") = "STB_IMAGE", "STB_IMAGE\STB_IMAGE.vcxproj", "{BF1506F3-8100-45B0-9698-329C4AE76594}"
EndProject
Project("{8BC9CEB8-8B4A-11D0-8D11-00A0C91BC942}") = "GLAD", "GLAD\GLAD.vcxproj", "{7F4B7E45-A805-4C24-A18E-215BB6BB8817}"
EndProject
Global
	GlobalSection(SolutionConfigurationPlatforms) = preSolution
		Debug|x64 = Debug|x64
		Debug|x86 = Debug|x86
		Release|x64 = Release|x64
		Release|x86 = Release|x86
	EndGlobalSection
	GlobalSection(ProjectConfigurationPlatforms) = postSolution
		{A3A2E2EC-624A-4057-B9C9-DF34E7081D49}.Debug|x64.ActiveCfg = Debug|x64
		{A3A2E2EC-624A-4057-B9C9-DF34E7081D49}.Debug|x64.Build.0 = Debug|x64
		{A3A2E2EC-624A-4057-B9C9-DF34E7081D49}.Debug|x86.ActiveCfg = Debug|Win32
		{A3A2E2EC-624A-4057-B9C9-DF34E7081D49}.Debug|x86.Build.0 = Debug|Win32
		{A3A2E2EC-624A-4057-B9C9-DF34E7081D49}.Release|x64.ActiveCfg = Release|x64
		{A3A2E2EC-624A-4057-B9C9-DF34E7081D49}.Release|x64.Build.0 = Release|x64
		{A3A2E2EC-624A-4057-B9C9-DF34E7081D49}.Release|x86.ActiveCfg = Release|Win32
		{A3A2E2EC-624A-4057-B9C9-DF34E7081D49}.Release|x86.Build.0 = Release|Win32
		{BF1506F3-8100-45B0-9698-329C4AE76594}.Debug|x64.ActiveCfg = Debug|x64
		{BF1506F3-8100-45B0-9698-329C4AE76594}.Debug|x64.Build.0 = Debug|x64
		{BF1506F3-8100-45B0-9698-329C4AE76594}.Debug|x86.ActiveCfg = Debug|Win32
		{BF1506F3-8100-45B0-9698-329C4AE76594}.Debug|x86.Build.0 = Debug|Win32
		{BF1506F3-8100-45B0-9698-329C4AE76594}.Release|x64.ActiveCfg = Release|x64
		{BF1506F3-8100-45B0-9698-329C4AE76594}.Release|x64.Build.0 = Release|x64
		{BF1506F3-8100-45B0-9698-329C4AE76594}.Release|x86.ActiveCfg = Release|Win32
		{BF1506F3-8100-45B0-9698-329C4AE76594}.Release|x86.Build.0 = Release|Win32
		{7F4B7E45-A805-4C24-A18E-215BB6BB8817}.Debug|x64.ActiveCfg = Debug|x64
		{7F4B7E45-A805-4C24-A18E-215BB6BB8817}.Debug|x64.Build.0 = Debug|x64
		{7F4B7E45-A805-4C24-A18E-215BB6BB8817}.Debug|x86.ActiveCfg = Debug|Win32
		{7F4B7E45-A805-4C24-A18E-215BB6BB8817}.Debug|x86.Build.0 = Debug|Win32
		{7F4B7E45-A805-4C24-A18E-215BB6BB8817}.Release|x64.ActiveCfg = Release|x64
		{7F4B7E45-A805-4C24-A18E-215BB6BB8817}.Release|x64.Build.0 = Release|x64
		{7F4B7E45-A805-4C24-A18E-215BB6BB8817}.Release|x86.ActiveCfg = Release|Win32
		{7F4B7E45-A805-4C24-A18E-215BB6BB8817}.Release|x86.Build.0 = Release|Win32
	EndGlobalSection
	GlobalSection(SolutionProperties) = preSolution
		HideSolutionNode = FALSE
	EndGlobalSection
	GlobalSection(ExtensibilityGlobals) = postSolution
		SolutionGuid = {D7C73903-5D01-47C8-8CAA-5B9B3CFF660A}
	EndGlobalSection
EndGlobal
